
Microsoft Visual Studio Solution File, Format Version 12.00
# Visual Studio Version 16
VisualStudioVersion = 16.0.31624.102
MinimumVisualStudioVersion = 10.0.40219.1
Project("{FAE04EC0-301F-11D3-BF4B-00C04F79EFBC}") = "AoCFramework", "AoCFramework\AoCFramework.csproj", "{0C2333B6-804C-4063-923E-FB26A3149F54}"
EndProject
Global
	GlobalSection(SolutionConfigurationPlatforms) = preSolution
		Debug|Any CPU = Debug|Any CPU
		Release|Any CPU = Release|Any CPU
	EndGlobalSection
	GlobalSection(ProjectConfigurationPlatforms) = postSolution
		{0C2333B6-804C-4063-923E-FB26A3149F54}.Debug|Any CPU.ActiveCfg = Debug|Any CPU
		{0C2333B6-804C-4063-923E-FB26A3149F54}.Debug|Any CPU.Build.0 = Debug|Any CPU
		{0C2333B6-804C-4063-923E-FB26A3149F54}.Release|Any CPU.ActiveCfg = Release|Any CPU
		{0C2333B6-804C-4063-923E-FB26A3149F54}.Release|Any CPU.Build.0 = Release|Any CPU
	EndGlobalSection
	GlobalSection(SolutionProperties) = preSolution
		HideSolutionNode = FALSE
	EndGlobalSection
	GlobalSection(ExtensibilityGlobals) = postSolution
		SolutionGuid = {3E86A4D2-5F81-47AF-AC26-5BF2190993D3}
	EndGlobalSection
EndGlobal
